
Microsoft Visual Studio Solution File, Format Version 12.00
# Visual Studio 15
VisualStudioVersion = 15.0.25807.0
MinimumVisualStudioVersion = 10.0.40219.1
Project("{2150E333-8FDC-42A3-9474-1A3956D46DE8}") = "Engine", "Engine", "{55C61E2F-9383-48DF-B415-B389C820C821}"
EndProject
Project("{2150E333-8FDC-42A3-9474-1A3956D46DE8}") = "Games", "Games", "{3373AEBD-CB5A-4FAF-899C-7D31CC60BF67}"
EndProject
Project("{8BC9CEB8-8B4A-11D0-8D11-00A0C91BC942}") = "Liberate", "Intermediate\ProjectFiles\Liberate.vcxproj", "{6EA79861-DCEC-43EE-9EF5-30CCD642FA88}"
EndProject
Project("{8BC9CEB8-8B4A-11D0-8D11-00A0C91BC942}") = "UE4", "Intermediate\ProjectFiles\UE4.vcxproj", "{F1C91B69-05CB-4BD6-9EF2-80F59EEA6ED3}"
EndProject
Project("{2150E333-8FDC-42A3-9474-1A3956D46DE8}") = "Visualizers", "Visualizers", "{4F55AA22-1D02-4474-8052-44CC59B00861}"
	ProjectSection(SolutionItems) = preProject
		D:\Epic Games\UE_4.23\Engine\Extras\VisualStudioDebugging\UE4.natvis = D:\Epic Games\UE_4.23\Engine\Extras\VisualStudioDebugging\UE4.natvis
	EndProjectSection
EndProject
Global
	GlobalSection(SolutionConfigurationPlatforms) = preSolution
		DebugGame Editor|HTML5 = DebugGame Editor|HTML5
		DebugGame Editor|IOS = DebugGame Editor|IOS
		DebugGame Editor|Win32 = DebugGame Editor|Win32
		DebugGame Editor|Win64 = DebugGame Editor|Win64
		DebugGame|HTML5 = DebugGame|HTML5
		DebugGame|IOS = DebugGame|IOS
		DebugGame|Win32 = DebugGame|Win32
		DebugGame|Win64 = DebugGame|Win64
		Development Editor|HTML5 = Development Editor|HTML5
		Development Editor|IOS = Development Editor|IOS
		Development Editor|Win32 = Development Editor|Win32
		Development Editor|Win64 = Development Editor|Win64
		Development|HTML5 = Development|HTML5
		Development|IOS = Development|IOS
		Development|Win32 = Development|Win32
		Development|Win64 = Development|Win64
		Shipping|HTML5 = Shipping|HTML5
		Shipping|IOS = Shipping|IOS
		Shipping|Win32 = Shipping|Win32
		Shipping|Win64 = Shipping|Win64
	EndGlobalSection
	GlobalSection(ProjectConfigurationPlatforms) = postSolution
		{6EA79861-DCEC-43EE-9EF5-30CCD642FA88}.DebugGame Editor|HTML5.ActiveCfg = Invalid|Win32
		{6EA79861-DCEC-43EE-9EF5-30CCD642FA88}.DebugGame Editor|IOS.ActiveCfg = Invalid|Win32
		{6EA79861-DCEC-43EE-9EF5-30CCD642FA88}.DebugGame Editor|Win32.ActiveCfg = Invalid|Win32
		{6EA79861-DCEC-43EE-9EF5-30CCD642FA88}.DebugGame Editor|Win64.ActiveCfg = DebugGame_Editor|x64
		{6EA79861-DCEC-43EE-9EF5-30CCD642FA88}.DebugGame Editor|Win64.Build.0 = DebugGame_Editor|x64
		{6EA79861-DCEC-43EE-9EF5-30CCD642FA88}.DebugGame|HTML5.ActiveCfg = HTML5_DebugGame|Win32
		{6EA79861-DCEC-43EE-9EF5-30CCD642FA88}.DebugGame|HTML5.Build.0 = HTML5_DebugGame|Win32
		{6EA79861-DCEC-43EE-9EF5-30CCD642FA88}.DebugGame|IOS.ActiveCfg = IOS_DebugGame|Win32
		{6EA79861-DCEC-43EE-9EF5-30CCD642FA88}.DebugGame|IOS.Build.0 = IOS_DebugGame|Win32
		{6EA79861-DCEC-43EE-9EF5-30CCD642FA88}.DebugGame|Win32.ActiveCfg = DebugGame|Win32
		{6EA79861-DCEC-43EE-9EF5-30CCD642FA88}.DebugGame|Win32.Build.0 = DebugGame|Win32
		{6EA79861-DCEC-43EE-9EF5-30CCD642FA88}.DebugGame|Win64.ActiveCfg = DebugGame|x64
		{6EA79861-DCEC-43EE-9EF5-30CCD642FA88}.DebugGame|Win64.Build.0 = DebugGame|x64
		{6EA79861-DCEC-43EE-9EF5-30CCD642FA88}.Development Editor|HTML5.ActiveCfg = Invalid|Win32
		{6EA79861-DCEC-43EE-9EF5-30CCD642FA88}.Development Editor|IOS.ActiveCfg = Invalid|Win32
		{6EA79861-DCEC-43EE-9EF5-30CCD642FA88}.Development Editor|Win32.ActiveCfg = Invalid|Win32
		{6EA79861-DCEC-43EE-9EF5-30CCD642FA88}.Development Editor|Win64.ActiveCfg = Development_Editor|x64
		{6EA79861-DCEC-43EE-9EF5-30CCD642FA88}.Development Editor|Win64.Build.0 = Development_Editor|x64
		{6EA79861-DCEC-43EE-9EF5-30CCD642FA88}.Development|HTML5.ActiveCfg = HTML5_Development|Win32
		{6EA79861-DCEC-43EE-9EF5-30CCD642FA88}.Development|HTML5.Build.0 = HTML5_Development|Win32
		{6EA79861-DCEC-43EE-9EF5-30CCD642FA88}.Development|IOS.ActiveCfg = IOS_Development|Win32
		{6EA79861-DCEC-43EE-9EF5-30CCD642FA88}.Development|IOS.Build.0 = IOS_Development|Win32
		{6EA79861-DCEC-43EE-9EF5-30CCD642FA88}.Development|Win32.ActiveCfg = Development|Win32
		{6EA79861-DCEC-43EE-9EF5-30CCD642FA88}.Development|Win32.Build.0 = Development|Win32
		{6EA79861-DCEC-43EE-9EF5-30CCD642FA88}.Development|Win64.ActiveCfg = Development|x64
		{6EA79861-DCEC-43EE-9EF5-30CCD642FA88}.Development|Win64.Build.0 = Development|x64
		{6EA79861-DCEC-43EE-9EF5-30CCD642FA88}.Shipping|HTML5.ActiveCfg = HTML5_Shipping|Win32
		{6EA79861-DCEC-43EE-9EF5-30CCD642FA88}.Shipping|HTML5.Build.0 = HTML5_Shipping|Win32
		{6EA79861-DCEC-43EE-9EF5-30CCD642FA88}.Shipping|IOS.ActiveCfg = IOS_Shipping|Win32
		{6EA79861-DCEC-43EE-9EF5-30CCD642FA88}.Shipping|IOS.Build.0 = IOS_Shipping|Win32
		{6EA79861-DCEC-43EE-9EF5-30CCD642FA88}.Shipping|Win32.ActiveCfg = Shipping|Win32
		{6EA79861-DCEC-43EE-9EF5-30CCD642FA88}.Shipping|Win32.Build.0 = Shipping|Win32
		{6EA79861-DCEC-43EE-9EF5-30CCD642FA88}.Shipping|Win64.ActiveCfg = Shipping|x64
		{6EA79861-DCEC-43EE-9EF5-30CCD642FA88}.Shipping|Win64.Build.0 = Shipping|x64
		{F1C91B69-05CB-4BD6-9EF2-80F59EEA6ED3}.DebugGame Editor|HTML5.ActiveCfg = BuiltWithUnrealBuildTool|Win32
		{F1C91B69-05CB-4BD6-9EF2-80F59EEA6ED3}.DebugGame Editor|IOS.ActiveCfg = BuiltWithUnrealBuildTool|Win32
		{F1C91B69-05CB-4BD6-9EF2-80F59EEA6ED3}.DebugGame Editor|Win32.ActiveCfg = BuiltWithUnrealBuildTool|Win32
		{F1C91B69-05CB-4BD6-9EF2-80F59EEA6ED3}.DebugGame Editor|Win64.ActiveCfg = BuiltWithUnrealBuildTool|Win32
		{F1C91B69-05CB-4BD6-9EF2-80F59EEA6ED3}.DebugGame|HTML5.ActiveCfg = BuiltWithUnrealBuildTool|Win32
		{F1C91B69-05CB-4BD6-9EF2-80F59EEA6ED3}.DebugGame|IOS.ActiveCfg = BuiltWithUnrealBuildTool|Win32
		{F1C91B69-05CB-4BD6-9EF2-80F59EEA6ED3}.DebugGame|Win32.ActiveCfg = BuiltWithUnrealBuildTool|Win32
		{F1C91B69-05CB-4BD6-9EF2-80F59EEA6ED3}.DebugGame|Win64.ActiveCfg = BuiltWithUnrealBuildTool|Win32
		{F1C91B69-05CB-4BD6-9EF2-80F59EEA6ED3}.Development Editor|HTML5.ActiveCfg = BuiltWithUnrealBuildTool|Win32
		{F1C91B69-05CB-4BD6-9EF2-80F59EEA6ED3}.Development Editor|IOS.ActiveCfg = BuiltWithUnrealBuildTool|Win32
		{F1C91B69-05CB-4BD6-9EF2-80F59EEA6ED3}.Development Editor|Win32.ActiveCfg = BuiltWithUnrealBuildTool|Win32
		{F1C91B69-05CB-4BD6-9EF2-80F59EEA6ED3}.Development Editor|Win64.ActiveCfg = BuiltWithUnrealBuildTool|Win32
		{F1C91B69-05CB-4BD6-9EF2-80F59EEA6ED3}.Development|HTML5.ActiveCfg = BuiltWithUnrealBuildTool|Win32
		{F1C91B69-05CB-4BD6-9EF2-80F59EEA6ED3}.Development|IOS.ActiveCfg = BuiltWithUnrealBuildTool|Win32
		{F1C91B69-05CB-4BD6-9EF2-80F59EEA6ED3}.Development|Win32.ActiveCfg = BuiltWithUnrealBuildTool|Win32
		{F1C91B69-05CB-4BD6-9EF2-80F59EEA6ED3}.Development|Win64.ActiveCfg = BuiltWithUnrealBuildTool|Win32
		{F1C91B69-05CB-4BD6-9EF2-80F59EEA6ED3}.Shipping|HTML5.ActiveCfg = BuiltWithUnrealBuildTool|Win32
		{F1C91B69-05CB-4BD6-9EF2-80F59EEA6ED3}.Shipping|IOS.ActiveCfg = BuiltWithUnrealBuildTool|Win32
		{F1C91B69-05CB-4BD6-9EF2-80F59EEA6ED3}.Shipping|Win32.ActiveCfg = BuiltWithUnrealBuildTool|Win32
		{F1C91B69-05CB-4BD6-9EF2-80F59EEA6ED3}.Shipping|Win64.ActiveCfg = BuiltWithUnrealBuildTool|Win32
	EndGlobalSection
	GlobalSection(SolutionProperties) = preSolution
		HideSolutionNode = FALSE
	EndGlobalSection
	GlobalSection(NestedProjects) = preSolution
		{F1C91B69-05CB-4BD6-9EF2-80F59EEA6ED3} = {55C61E2F-9383-48DF-B415-B389C820C821}
		{6EA79861-DCEC-43EE-9EF5-30CCD642FA88} = {3373AEBD-CB5A-4FAF-899C-7D31CC60BF67}
	EndGlobalSection
EndGlobal
